{
  "nodes": {
    "flake-compat": {
      "flake": false,
      "locked": {
        "lastModified": 1767039857,
        "narHash": "sha256-vNpUSpF5Nuw8xvDLj2KCwwksIbjua2LZCqhV1LNRDns=",
        "owner": "edolstra",
        "repo": "flake-compat",
        "rev": "5edf11c44bc78a0d334f6334cdaf7d60d732daab",
        "type": "github"
      },
      "original": {
        "owner": "edolstra",
        "repo": "flake-compat",
        "type": "github"
      }
    },
    "nixpkgs": {
      "locked": {
        "lastModified": 1773201692,
        "narHash": "sha256-NXrKzNMniu4Oam2kAFvqJ3GB2kAvlAFIriTAheaY8hw=",
        "owner": "NixOS",
        "repo": "nixpkgs",
        "rev": "b6067cc0127d4db9c26c79e4de0513e58d0c40c9",
        "type": "github"
      },
      "original": {
        "owner": "NixOS",
        "ref": "nixpkgs-unstable",
        "repo": "nixpkgs",
        "type": "github"
      }
    },
    "root": {
      "inputs": {
        "flake-compat": "flake-compat",
        "nixpkgs": "nixpkgs",
        "rust-overlay": "rust-overlay"
      }
    },
    "rust-overlay": {
      "inputs": {
        "nixpkgs": [
          "nixpkgs"
        ]
      },
      "locked": {
        "lastModified": 1773284828,
        "narHash": "sha256-0qI+a9z7KpYCBbp4ENN32b2tf0VmC3MhgFw1KAroqxQ=",
        "owner": "oxalica",
        "repo": "rust-overlay",
        "rev": "2b18fe48d9a8a4ff3850d56b67cfe72f2a589237",
        "type": "github"
      },
      "original": {
        "owner": "oxalica",
        "repo": "rust-overlay",
        "type": "github"
      }
    }
  },
  "root": "root",
  "version": 7
}
